
Microsoft Visual Studio Solution File, Format Version 12.00
# Visual Studio Version 17
VisualStudioVersion = 17.2.32526.322
MinimumVisualStudioVersion = 10.0.40219.1
Project("{FAE04EC0-301F-11D3-BF4B-00C04F79EFBC}") = "Ejemplo_JWTWebApi", "Ejemplo_JWTWebApi\Ejemplo_JWTWebApi.csproj", "{C564D6B5-E007-4A74-8ED1-F4E7E7603950}"
EndProject
Global
	GlobalSection(SolutionConfigurationPlatforms) = preSolution
		Debug|Any CPU = Debug|Any CPU
		Release|Any CPU = Release|Any CPU
	EndGlobalSection
	GlobalSection(ProjectConfigurationPlatforms) = postSolution
		{C564D6B5-E007-4A74-8ED1-F4E7E7603950}.Debug|Any CPU.ActiveCfg = Debug|Any CPU
		{C564D6B5-E007-4A74-8ED1-F4E7E7603950}.Debug|Any CPU.Build.0 = Debug|Any CPU
		{C564D6B5-E007-4A74-8ED1-F4E7E7603950}.Release|Any CPU.ActiveCfg = Release|Any CPU
		{C564D6B5-E007-4A74-8ED1-F4E7E7603950}.Release|Any CPU.Build.0 = Release|Any CPU
	EndGlobalSection
	GlobalSection(SolutionProperties) = preSolution
		HideSolutionNode = FALSE
	EndGlobalSection
	GlobalSection(ExtensibilityGlobals) = postSolution
		SolutionGuid = {F94FA0AD-F25A-4F8A-9997-D93C7A7CFD1D}
	EndGlobalSection
EndGlobal
